
Microsoft Visual Studio Solution File, Format Version 12.00
# Visual Studio Version 16
VisualStudioVersion = 16.0.29215.179
MinimumVisualStudioVersion = 10.0.40219.1
Project("{FAE04EC0-301F-11D3-BF4B-00C04F79EFBC}") = "Symbol", "Symbol\Symbol.csproj", "{0BFD5F92-5584-4B3C-94D6-B61E2AE39E9F}"
EndProject
Global
	GlobalSection(SolutionConfigurationPlatforms) = preSolution
		Debug|Any CPU = Debug|Any CPU
		Release|Any CPU = Release|Any CPU
	EndGlobalSection
	GlobalSection(ProjectConfigurationPlatforms) = postSolution
		{0BFD5F92-5584-4B3C-94D6-B61E2AE39E9F}.Debug|Any CPU.ActiveCfg = Debug|Any CPU
		{0BFD5F92-5584-4B3C-94D6-B61E2AE39E9F}.Debug|Any CPU.Build.0 = Debug|Any CPU
		{0BFD5F92-5584-4B3C-94D6-B61E2AE39E9F}.Release|Any CPU.ActiveCfg = Release|Any CPU
		{0BFD5F92-5584-4B3C-94D6-B61E2AE39E9F}.Release|Any CPU.Build.0 = Release|Any CPU
	EndGlobalSection
	GlobalSection(SolutionProperties) = preSolution
		HideSolutionNode = FALSE
	EndGlobalSection
	GlobalSection(ExtensibilityGlobals) = postSolution
		SolutionGuid = {A4723B5E-6E33-4745-B49C-09D6A3DDDA58}
	EndGlobalSection
EndGlobal
