
Microsoft Visual Studio Solution File, Format Version 12.00
# Visual Studio Version 16
VisualStudioVersion = 16.0.29215.179
MinimumVisualStudioVersion = 10.0.40219.1
Project("{FAE04EC0-301F-11D3-BF4B-00C04F79EFBC}") = "GuessTheNumber", "GuessTheNumber\GuessTheNumber.csproj", "{655EB458-9471-4B33-AD95-0EDA6FBA24E9}"
EndProject
Global
	GlobalSection(SolutionConfigurationPlatforms) = preSolution
		Debug|Any CPU = Debug|Any CPU
		Release|Any CPU = Release|Any CPU
	EndGlobalSection
	GlobalSection(ProjectConfigurationPlatforms) = postSolution
		{655EB458-9471-4B33-AD95-0EDA6FBA24E9}.Debug|Any CPU.ActiveCfg = Debug|Any CPU
		{655EB458-9471-4B33-AD95-0EDA6FBA24E9}.Debug|Any CPU.Build.0 = Debug|Any CPU
		{655EB458-9471-4B33-AD95-0EDA6FBA24E9}.Release|Any CPU.ActiveCfg = Release|Any CPU
		{655EB458-9471-4B33-AD95-0EDA6FBA24E9}.Release|Any CPU.Build.0 = Release|Any CPU
	EndGlobalSection
	GlobalSection(SolutionProperties) = preSolution
		HideSolutionNode = FALSE
	EndGlobalSection
	GlobalSection(ExtensibilityGlobals) = postSolution
		SolutionGuid = {B604964C-43B1-4A45-A719-774CA1E3EC4C}
	EndGlobalSection
EndGlobal
