
Microsoft Visual Studio Solution File, Format Version 12.00
# Visual Studio Version 16
VisualStudioVersion = 16.0.29215.179
MinimumVisualStudioVersion = 10.0.40219.1
Project("{FAE04EC0-301F-11D3-BF4B-00C04F79EFBC}") = "Shape", "Shape\Shape.csproj", "{49EF3A3C-783C-4BE5-8DFF-3D5747C542A6}"
EndProject
Global
	GlobalSection(SolutionConfigurationPlatforms) = preSolution
		Debug|Any CPU = Debug|Any CPU
		Release|Any CPU = Release|Any CPU
	EndGlobalSection
	GlobalSection(ProjectConfigurationPlatforms) = postSolution
		{49EF3A3C-783C-4BE5-8DFF-3D5747C542A6}.Debug|Any CPU.ActiveCfg = Debug|Any CPU
		{49EF3A3C-783C-4BE5-8DFF-3D5747C542A6}.Debug|Any CPU.Build.0 = Debug|Any CPU
		{49EF3A3C-783C-4BE5-8DFF-3D5747C542A6}.Release|Any CPU.ActiveCfg = Release|Any CPU
		{49EF3A3C-783C-4BE5-8DFF-3D5747C542A6}.Release|Any CPU.Build.0 = Release|Any CPU
	EndGlobalSection
	GlobalSection(SolutionProperties) = preSolution
		HideSolutionNode = FALSE
	EndGlobalSection
	GlobalSection(ExtensibilityGlobals) = postSolution
		SolutionGuid = {89A6C681-7E80-424E-B40B-98D86AD6E1B1}
	EndGlobalSection
EndGlobal
