
Microsoft Visual Studio Solution File, Format Version 12.00
# Visual Studio Version 16
VisualStudioVersion = 16.0.29215.179
MinimumVisualStudioVersion = 10.0.40219.1
Project("{FAE04EC0-301F-11D3-BF4B-00C04F79EFBC}") = "Program0", "Program0\Program0.csproj", "{60FADEF7-E6DF-4E0D-B5B4-77AE9128A90B}"
EndProject
Global
	GlobalSection(SolutionConfigurationPlatforms) = preSolution
		Debug|Any CPU = Debug|Any CPU
		Release|Any CPU = Release|Any CPU
	EndGlobalSection
	GlobalSection(ProjectConfigurationPlatforms) = postSolution
		{60FADEF7-E6DF-4E0D-B5B4-77AE9128A90B}.Debug|Any CPU.ActiveCfg = Debug|Any CPU
		{60FADEF7-E6DF-4E0D-B5B4-77AE9128A90B}.Debug|Any CPU.Build.0 = Debug|Any CPU
		{60FADEF7-E6DF-4E0D-B5B4-77AE9128A90B}.Release|Any CPU.ActiveCfg = Release|Any CPU
		{60FADEF7-E6DF-4E0D-B5B4-77AE9128A90B}.Release|Any CPU.Build.0 = Release|Any CPU
	EndGlobalSection
	GlobalSection(SolutionProperties) = preSolution
		HideSolutionNode = FALSE
	EndGlobalSection
	GlobalSection(ExtensibilityGlobals) = postSolution
		SolutionGuid = {6C7FBC61-C876-4E17-AD07-76D0BFA98CB3}
	EndGlobalSection
EndGlobal
