
Microsoft Visual Studio Solution File, Format Version 12.00
# Visual Studio Version 16
VisualStudioVersion = 16.0.29215.179
MinimumVisualStudioVersion = 10.0.40219.1
Project("{FAE04EC0-301F-11D3-BF4B-00C04F79EFBC}") = "Program2", "Program2\Program2.csproj", "{3608573E-B243-4A1F-98EC-2A02942B64AD}"
EndProject
Global
	GlobalSection(SolutionConfigurationPlatforms) = preSolution
		Debug|Any CPU = Debug|Any CPU
		Release|Any CPU = Release|Any CPU
	EndGlobalSection
	GlobalSection(ProjectConfigurationPlatforms) = postSolution
		{3608573E-B243-4A1F-98EC-2A02942B64AD}.Debug|Any CPU.ActiveCfg = Debug|Any CPU
		{3608573E-B243-4A1F-98EC-2A02942B64AD}.Debug|Any CPU.Build.0 = Debug|Any CPU
		{3608573E-B243-4A1F-98EC-2A02942B64AD}.Release|Any CPU.ActiveCfg = Release|Any CPU
		{3608573E-B243-4A1F-98EC-2A02942B64AD}.Release|Any CPU.Build.0 = Release|Any CPU
	EndGlobalSection
	GlobalSection(SolutionProperties) = preSolution
		HideSolutionNode = FALSE
	EndGlobalSection
	GlobalSection(ExtensibilityGlobals) = postSolution
		SolutionGuid = {1A05B9CA-F0F8-4C47-903A-40E5EFF819C7}
	EndGlobalSection
EndGlobal
